
Microsoft Visual Studio Solution File, Format Version 12.00
# Visual Studio 14
VisualStudioVersion = 14.0.25420.1
MinimumVisualStudioVersion = 10.0.40219.1
Project("{FAE04EC0-301F-11D3-BF4B-00C04F79EFBC}") = "COMP1004-F2016-Lesson6", "COMP1004-F2016-Lesson6\COMP1004-F2016-Lesson6.csproj", "{1827697D-853F-4B8A-BCEA-46124F78F771}"
EndProject
Global
	GlobalSection(SolutionConfigurationPlatforms) = preSolution
		Debug|Any CPU = Debug|Any CPU
		Release|Any CPU = Release|Any CPU
	EndGlobalSection
	GlobalSection(ProjectConfigurationPlatforms) = postSolution
		{1827697D-853F-4B8A-BCEA-46124F78F771}.Debug|Any CPU.ActiveCfg = Debug|Any CPU
		{1827697D-853F-4B8A-BCEA-46124F78F771}.Debug|Any CPU.Build.0 = Debug|Any CPU
		{1827697D-853F-4B8A-BCEA-46124F78F771}.Release|Any CPU.ActiveCfg = Release|Any CPU
		{1827697D-853F-4B8A-BCEA-46124F78F771}.Release|Any CPU.Build.0 = Release|Any CPU
	EndGlobalSection
	GlobalSection(SolutionProperties) = preSolution
		HideSolutionNode = FALSE
	EndGlobalSection
EndGlobal
